
Microsoft Visual Studio Solution File, Format Version 12.00
# Visual Studio Version 17
VisualStudioVersion = 17.4.33205.214
MinimumVisualStudioVersion = 10.0.40219.1
Project("{FAE04EC0-301F-11D3-BF4B-00C04F79EFBC}") = "TestFor92", "TestFor92.csproj", "{CE759BDB-1AE1-4021-A7CE-2329C7569AFA}"
EndProject
Global
	GlobalSection(SolutionConfigurationPlatforms) = preSolution
		Debug|Any CPU = Debug|Any CPU
		Release|Any CPU = Release|Any CPU
	EndGlobalSection
	GlobalSection(ProjectConfigurationPlatforms) = postSolution
		{CE759BDB-1AE1-4021-A7CE-2329C7569AFA}.Debug|Any CPU.ActiveCfg = Debug|Any CPU
		{CE759BDB-1AE1-4021-A7CE-2329C7569AFA}.Debug|Any CPU.Build.0 = Debug|Any CPU
		{CE759BDB-1AE1-4021-A7CE-2329C7569AFA}.Release|Any CPU.ActiveCfg = Release|Any CPU
		{CE759BDB-1AE1-4021-A7CE-2329C7569AFA}.Release|Any CPU.Build.0 = Release|Any CPU
	EndGlobalSection
	GlobalSection(SolutionProperties) = preSolution
		HideSolutionNode = FALSE
	EndGlobalSection
	GlobalSection(ExtensibilityGlobals) = postSolution
		SolutionGuid = {523F2372-36B4-4B68-8E91-C5242895989C}
	EndGlobalSection
EndGlobal
